
Microsoft Visual Studio Solution File, Format Version 12.00
Project("{FAE04EC0-301F-11D3-BF4B-00C04F79EFBC}") = "WebApplication", "WebApplication\WebApplication.csproj", "{6A23BB75-DD35-4268-A882-E6973679E6AC}"
EndProject
Project("{FAE04EC0-301F-11D3-BF4B-00C04F79EFBC}") = "Model", "Model\Model.csproj", "{9C1D86C7-F4D1-4165-8C4E-687F25EF6076}"
EndProject
Project("{FAE04EC0-301F-11D3-BF4B-00C04F79EFBC}") = "Repositories", "Repositories\Repositories.csproj", "{4F8E15E5-6092-4C30-AD0D-8C6EE187FF0D}"
EndProject
Project("{FAE04EC0-301F-11D3-BF4B-00C04F79EFBC}") = "IMoveServices", "IMoveServices\IMoveServices.csproj", "{6338A13D-605A-4651-9B88-8C34DA627AAD}"
EndProject
Global
	GlobalSection(SolutionConfigurationPlatforms) = preSolution
		Debug|Any CPU = Debug|Any CPU
		Release|Any CPU = Release|Any CPU
	EndGlobalSection
	GlobalSection(ProjectConfigurationPlatforms) = postSolution
		{6A23BB75-DD35-4268-A882-E6973679E6AC}.Debug|Any CPU.ActiveCfg = Debug|Any CPU
		{6A23BB75-DD35-4268-A882-E6973679E6AC}.Debug|Any CPU.Build.0 = Debug|Any CPU
		{6A23BB75-DD35-4268-A882-E6973679E6AC}.Release|Any CPU.ActiveCfg = Release|Any CPU
		{6A23BB75-DD35-4268-A882-E6973679E6AC}.Release|Any CPU.Build.0 = Release|Any CPU
		{9C1D86C7-F4D1-4165-8C4E-687F25EF6076}.Debug|Any CPU.ActiveCfg = Debug|Any CPU
		{9C1D86C7-F4D1-4165-8C4E-687F25EF6076}.Debug|Any CPU.Build.0 = Debug|Any CPU
		{9C1D86C7-F4D1-4165-8C4E-687F25EF6076}.Release|Any CPU.ActiveCfg = Release|Any CPU
		{9C1D86C7-F4D1-4165-8C4E-687F25EF6076}.Release|Any CPU.Build.0 = Release|Any CPU
		{4F8E15E5-6092-4C30-AD0D-8C6EE187FF0D}.Debug|Any CPU.ActiveCfg = Debug|Any CPU
		{4F8E15E5-6092-4C30-AD0D-8C6EE187FF0D}.Debug|Any CPU.Build.0 = Debug|Any CPU
		{4F8E15E5-6092-4C30-AD0D-8C6EE187FF0D}.Release|Any CPU.ActiveCfg = Release|Any CPU
		{4F8E15E5-6092-4C30-AD0D-8C6EE187FF0D}.Release|Any CPU.Build.0 = Release|Any CPU
		{6338A13D-605A-4651-9B88-8C34DA627AAD}.Debug|Any CPU.ActiveCfg = Debug|Any CPU
		{6338A13D-605A-4651-9B88-8C34DA627AAD}.Debug|Any CPU.Build.0 = Debug|Any CPU
		{6338A13D-605A-4651-9B88-8C34DA627AAD}.Release|Any CPU.ActiveCfg = Release|Any CPU
		{6338A13D-605A-4651-9B88-8C34DA627AAD}.Release|Any CPU.Build.0 = Release|Any CPU
	EndGlobalSection
EndGlobal
